
Microsoft Visual Studio Solution File, Format Version 12.00
# Visual Studio Version 16
VisualStudioVersion = 16.0.31624.102
MinimumVisualStudioVersion = 10.0.40219.1
Project("{FAE04EC0-301F-11D3-BF4B-00C04F79EFBC}") = "IskolaGUI", "IskolaGUI\IskolaGUI.csproj", "{1066A7A6-6271-45B7-B9EF-CAF771A7D2A7}"
EndProject
Global
	GlobalSection(SolutionConfigurationPlatforms) = preSolution
		Debug|Any CPU = Debug|Any CPU
		Release|Any CPU = Release|Any CPU
	EndGlobalSection
	GlobalSection(ProjectConfigurationPlatforms) = postSolution
		{1066A7A6-6271-45B7-B9EF-CAF771A7D2A7}.Debug|Any CPU.ActiveCfg = Debug|Any CPU
		{1066A7A6-6271-45B7-B9EF-CAF771A7D2A7}.Debug|Any CPU.Build.0 = Debug|Any CPU
		{1066A7A6-6271-45B7-B9EF-CAF771A7D2A7}.Release|Any CPU.ActiveCfg = Release|Any CPU
		{1066A7A6-6271-45B7-B9EF-CAF771A7D2A7}.Release|Any CPU.Build.0 = Release|Any CPU
	EndGlobalSection
	GlobalSection(SolutionProperties) = preSolution
		HideSolutionNode = FALSE
	EndGlobalSection
	GlobalSection(ExtensibilityGlobals) = postSolution
		SolutionGuid = {3292F570-3A51-4D5D-8B39-46C2DED666B1}
	EndGlobalSection
EndGlobal
